
Microsoft Visual Studio Solution File, Format Version 12.00
# Visual Studio 14
VisualStudioVersion = 14.0.25420.1
MinimumVisualStudioVersion = 10.0.40219.1
Project("{FAE04EC0-301F-11D3-BF4B-00C04F79EFBC}") = "weather-service", "weather-service\weather-service.csproj", "{A44C3DB5-A8E9-49B0-80BE-E3649ACFD5B4}"
EndProject
Project("{FAE04EC0-301F-11D3-BF4B-00C04F79EFBC}") = "store-location-service", "store-location-service\store-location-service.csproj", "{2913648B-3221-451B-A215-3B2A10080215}"
EndProject
Project("{E24C65DC-7377-472B-9ABA-BC803B73C61A}") = "WebSite1(1)", "WebSite1\", "{C09F1778-971F-47CF-A13F-A2622162C4E0}"
	ProjectSection(WebsiteProperties) = preProject
		TargetFrameworkMoniker = ".NETFramework,Version%3Dv4.5.2"
		Debug.AspNetCompiler.VirtualPath = "/localhost_48024"
		Debug.AspNetCompiler.PhysicalPath = "WebSite1\"
		Debug.AspNetCompiler.TargetPath = "PrecompiledWeb\localhost_48024\"
		Debug.AspNetCompiler.Updateable = "true"
		Debug.AspNetCompiler.ForceOverwrite = "true"
		Debug.AspNetCompiler.FixedNames = "false"
		Debug.AspNetCompiler.Debug = "True"
		Release.AspNetCompiler.VirtualPath = "/localhost_48024"
		Release.AspNetCompiler.PhysicalPath = "WebSite1\"
		Release.AspNetCompiler.TargetPath = "PrecompiledWeb\localhost_48024\"
		Release.AspNetCompiler.Updateable = "true"
		Release.AspNetCompiler.ForceOverwrite = "true"
		Release.AspNetCompiler.FixedNames = "false"
		Release.AspNetCompiler.Debug = "False"
		VWDPort = "48024"
		SlnRelativePath = "WebSite1\"
		DefaultWebSiteLanguage = "Visual C#"
	EndProjectSection
	ProjectSection(ProjectDependencies) = postProject
		{2913648B-3221-451B-A215-3B2A10080215} = {2913648B-3221-451B-A215-3B2A10080215}
		{A44C3DB5-A8E9-49B0-80BE-E3649ACFD5B4} = {A44C3DB5-A8E9-49B0-80BE-E3649ACFD5B4}
	EndProjectSection
EndProject
Project("{FAE04EC0-301F-11D3-BF4B-00C04F79EFBC}") = "StoreCheckInService", "StoreCheckInService\StoreCheckInService.csproj", "{DA58472F-B93A-4BB5-A151-FB8B32D20DD6}"
EndProject
Global
	GlobalSection(SolutionConfigurationPlatforms) = preSolution
		Debug|Any CPU = Debug|Any CPU
		Release|Any CPU = Release|Any CPU
	EndGlobalSection
	GlobalSection(ProjectConfigurationPlatforms) = postSolution
		{A44C3DB5-A8E9-49B0-80BE-E3649ACFD5B4}.Debug|Any CPU.ActiveCfg = Debug|Any CPU
		{A44C3DB5-A8E9-49B0-80BE-E3649ACFD5B4}.Debug|Any CPU.Build.0 = Debug|Any CPU
		{A44C3DB5-A8E9-49B0-80BE-E3649ACFD5B4}.Release|Any CPU.ActiveCfg = Release|Any CPU
		{A44C3DB5-A8E9-49B0-80BE-E3649ACFD5B4}.Release|Any CPU.Build.0 = Release|Any CPU
		{2913648B-3221-451B-A215-3B2A10080215}.Debug|Any CPU.ActiveCfg = Debug|Any CPU
		{2913648B-3221-451B-A215-3B2A10080215}.Debug|Any CPU.Build.0 = Debug|Any CPU
		{2913648B-3221-451B-A215-3B2A10080215}.Release|Any CPU.ActiveCfg = Release|Any CPU
		{2913648B-3221-451B-A215-3B2A10080215}.Release|Any CPU.Build.0 = Release|Any CPU
		{C09F1778-971F-47CF-A13F-A2622162C4E0}.Debug|Any CPU.ActiveCfg = Debug|Any CPU
		{C09F1778-971F-47CF-A13F-A2622162C4E0}.Debug|Any CPU.Build.0 = Debug|Any CPU
		{C09F1778-971F-47CF-A13F-A2622162C4E0}.Release|Any CPU.ActiveCfg = Debug|Any CPU
		{C09F1778-971F-47CF-A13F-A2622162C4E0}.Release|Any CPU.Build.0 = Debug|Any CPU
		{DA58472F-B93A-4BB5-A151-FB8B32D20DD6}.Debug|Any CPU.ActiveCfg = Debug|Any CPU
		{DA58472F-B93A-4BB5-A151-FB8B32D20DD6}.Debug|Any CPU.Build.0 = Debug|Any CPU
		{DA58472F-B93A-4BB5-A151-FB8B32D20DD6}.Release|Any CPU.ActiveCfg = Release|Any CPU
		{DA58472F-B93A-4BB5-A151-FB8B32D20DD6}.Release|Any CPU.Build.0 = Release|Any CPU
	EndGlobalSection
	GlobalSection(SolutionProperties) = preSolution
		HideSolutionNode = FALSE
	EndGlobalSection
EndGlobal
